
Microsoft Visual Studio Solution File, Format Version 12.00
# Visual Studio Version 17
VisualStudioVersion = 17.7.34221.43
MinimumVisualStudioVersion = 10.0.40219.1
Project("{FAE04EC0-301F-11D3-BF4B-00C04F79EFBC}") = "indogrosir_tim8", "indogrosir_tim8.csproj", "{6EB25454-5DA0-40CF-B0B5-4450A58C3221}"
EndProject
Global
	GlobalSection(SolutionConfigurationPlatforms) = preSolution
		Debug|Any CPU = Debug|Any CPU
		Release|Any CPU = Release|Any CPU
	EndGlobalSection
	GlobalSection(ProjectConfigurationPlatforms) = postSolution
		{6EB25454-5DA0-40CF-B0B5-4450A58C3221}.Debug|Any CPU.ActiveCfg = Debug|Any CPU
		{6EB25454-5DA0-40CF-B0B5-4450A58C3221}.Debug|Any CPU.Build.0 = Debug|Any CPU
		{6EB25454-5DA0-40CF-B0B5-4450A58C3221}.Release|Any CPU.ActiveCfg = Release|Any CPU
		{6EB25454-5DA0-40CF-B0B5-4450A58C3221}.Release|Any CPU.Build.0 = Release|Any CPU
	EndGlobalSection
	GlobalSection(SolutionProperties) = preSolution
		HideSolutionNode = FALSE
	EndGlobalSection
	GlobalSection(ExtensibilityGlobals) = postSolution
		SolutionGuid = {EF205EDE-DB73-4958-A5AF-A2F374E4B366}
	EndGlobalSection
EndGlobal
